
Microsoft Visual Studio Solution File, Format Version 12.00
# Visual Studio 15
VisualStudioVersion = 15.0.27130.2024
MinimumVisualStudioVersion = 10.0.40219.1
Project("{FAE04EC0-301F-11D3-BF4B-00C04F79EFBC}") = "DefaultLiterals.Test", "DefaultLiterals.Test\DefaultLiterals.Test.csproj", "{BAB53917-D41C-4278-96E5-2E2EA35DA057}"
EndProject
Global
	GlobalSection(SolutionConfigurationPlatforms) = preSolution
		Debug|Any CPU = Debug|Any CPU
		Release|Any CPU = Release|Any CPU
	EndGlobalSection
	GlobalSection(ProjectConfigurationPlatforms) = postSolution
		{BAB53917-D41C-4278-96E5-2E2EA35DA057}.Debug|Any CPU.ActiveCfg = Debug|Any CPU
		{BAB53917-D41C-4278-96E5-2E2EA35DA057}.Debug|Any CPU.Build.0 = Debug|Any CPU
		{BAB53917-D41C-4278-96E5-2E2EA35DA057}.Release|Any CPU.ActiveCfg = Release|Any CPU
		{BAB53917-D41C-4278-96E5-2E2EA35DA057}.Release|Any CPU.Build.0 = Release|Any CPU
	EndGlobalSection
	GlobalSection(SolutionProperties) = preSolution
		HideSolutionNode = FALSE
	EndGlobalSection
	GlobalSection(ExtensibilityGlobals) = postSolution
		SolutionGuid = {E7F9B8C9-8244-42F8-B4C3-1FB975675E09}
	EndGlobalSection
EndGlobal
